PODS:
  - apphud (3.0.0-beta1):
    - ApphudSDK
    - Flutter
  - ApphudSDK (4.0.0-beta4)
  - Flutter (1.0.0)

DEPENDENCIES:
  - apphud (from `.symlinks/plugins/apphud/ios`)
  - ApphudSDK (from `https://github.com/apphud/ApphudSDK.git`, commit `bde9939fc9ea111d4f6b10207baef511a0a7b38c`)
  - Flutter (from `Flutter`)

EXTERNAL SOURCES:
  apphud:
    :path: ".symlinks/plugins/apphud/ios"
  ApphudSDK:
    :commit: bde9939fc9ea111d4f6b10207baef511a0a7b38c
    :git: https://github.com/apphud/ApphudSDK.git
  Flutter:
    :path: Flutter

CHECKOUT OPTIONS:
  ApphudSDK:
    :commit: bde9939fc9ea111d4f6b10207baef511a0a7b38c
    :git: https://github.com/apphud/ApphudSDK.git

SPEC CHECKSUMS:
  apphud: 56b74bcead9bfec26fa69654f61846b723eea6d2
  ApphudSDK: 3bd0b31445bd28e875dee219488b4834a57119f2
  Flutter: cabc95a1d2626b1b06e7179b784ebcf0c0cde467

PODFILE CHECKSUM: 91bfeadb166277e264ef29071dd95d21fca43dbc

COCOAPODS: 1.16.2
