PODS:
  - apphud (2.4.1):
    - ApphudSDK (= 3.2.8)
    - Flutter
  - ApphudSDK (3.2.8)
  - Flutter (1.0.0)

DEPENDENCIES:
  - apphud (from `.symlinks/plugins/apphud/ios`)
  - Flutter (from `Flutter`)

SPEC REPOS:
  trunk:
    - ApphudSDK

EXTERNAL SOURCES:
  apphud:
    :path: ".symlinks/plugins/apphud/ios"
  Flutter:
    :path: Flutter

SPEC CHECKSUMS:
  apphud: d7143bfc880297b4d35410eddabed857992f6ab6
  ApphudSDK: c1eb87b784a604cff0461112b594cd68a91fc7f6
  Flutter: f04841e97a9d0b0a8025694d0796dd46242b2854

PODFILE CHECKSUM: ef19549a9bc3046e7bb7d2fab4d021637c0c58a3

COCOAPODS: 1.12.1
